
Microsoft Visual Studio Solution File, Format Version 12.00
# Visual Studio 15
VisualStudioVersion = 15.0.28010.2046
MinimumVisualStudioVersion = 10.0.40219.1
Project("{FAE04EC0-301F-11D3-BF4B-00C04F79EFBC}") = "SuperMercato", "SuperMercato\SuperMercato.csproj", "{D86535E2-6D45-4000-810E-563C174683CB}"
EndProject
Global
	GlobalSection(SolutionConfigurationPlatforms) = preSolution
		Debug|Any CPU = Debug|Any CPU
		Release|Any CPU = Release|Any CPU
	EndGlobalSection
	GlobalSection(ProjectConfigurationPlatforms) = postSolution
		{D86535E2-6D45-4000-810E-563C174683CB}.Debug|Any CPU.ActiveCfg = Debug|Any CPU
		{D86535E2-6D45-4000-810E-563C174683CB}.Debug|Any CPU.Build.0 = Debug|Any CPU
		{D86535E2-6D45-4000-810E-563C174683CB}.Release|Any CPU.ActiveCfg = Release|Any CPU
		{D86535E2-6D45-4000-810E-563C174683CB}.Release|Any CPU.Build.0 = Release|Any CPU
	EndGlobalSection
	GlobalSection(SolutionProperties) = preSolution
		HideSolutionNode = FALSE
	EndGlobalSection
	GlobalSection(ExtensibilityGlobals) = postSolution
		SolutionGuid = {E55FB7FC-87AB-4350-9A2D-A616C32072B2}
	EndGlobalSection
EndGlobal
